
Microsoft Visual Studio Solution File, Format Version 12.00
# Visual Studio Version 16
VisualStudioVersion = 16.0.30204.135
MinimumVisualStudioVersion = 10.0.40219.1
Project("{9A19103F-16F7-4668-BE54-9A1E7A4F7556}") = "Interparking.Planner", "Interparking.Planner\Interparking.Planner.csproj", "{07DC38FF-B001-4467-984B-7541BBAB0DEA}"
EndProject
Project("{9A19103F-16F7-4668-BE54-9A1E7A4F7556}") = "Interparking.Planner.Data", "Interparking.Planner.Data\Interparking.Planner.Data.csproj", "{263FAA60-79B0-40B5-A6C6-47BC8A85AE96}"
EndProject
Project("{9A19103F-16F7-4668-BE54-9A1E7A4F7556}") = "Interparking.Planner.Data.Contracts", "Interparking.Planner.Data.Contracts\Interparking.Planner.Data.Contracts.csproj", "{262C9F36-6966-488E-910E-CDD8C220F9CE}"
EndProject
Global
	GlobalSection(SolutionConfigurationPlatforms) = preSolution
		Debug|Any CPU = Debug|Any CPU
		Release|Any CPU = Release|Any CPU
	EndGlobalSection
	GlobalSection(ProjectConfigurationPlatforms) = postSolution
		{07DC38FF-B001-4467-984B-7541BBAB0DEA}.Debug|Any CPU.ActiveCfg = Debug|Any CPU
		{07DC38FF-B001-4467-984B-7541BBAB0DEA}.Debug|Any CPU.Build.0 = Debug|Any CPU
		{07DC38FF-B001-4467-984B-7541BBAB0DEA}.Release|Any CPU.ActiveCfg = Release|Any CPU
		{07DC38FF-B001-4467-984B-7541BBAB0DEA}.Release|Any CPU.Build.0 = Release|Any CPU
		{263FAA60-79B0-40B5-A6C6-47BC8A85AE96}.Debug|Any CPU.ActiveCfg = Debug|Any CPU
		{263FAA60-79B0-40B5-A6C6-47BC8A85AE96}.Debug|Any CPU.Build.0 = Debug|Any CPU
		{263FAA60-79B0-40B5-A6C6-47BC8A85AE96}.Release|Any CPU.ActiveCfg = Release|Any CPU
		{263FAA60-79B0-40B5-A6C6-47BC8A85AE96}.Release|Any CPU.Build.0 = Release|Any CPU
		{262C9F36-6966-488E-910E-CDD8C220F9CE}.Debug|Any CPU.ActiveCfg = Debug|Any CPU
		{262C9F36-6966-488E-910E-CDD8C220F9CE}.Debug|Any CPU.Build.0 = Debug|Any CPU
		{262C9F36-6966-488E-910E-CDD8C220F9CE}.Release|Any CPU.ActiveCfg = Release|Any CPU
		{262C9F36-6966-488E-910E-CDD8C220F9CE}.Release|Any CPU.Build.0 = Release|Any CPU
	EndGlobalSection
	GlobalSection(SolutionProperties) = preSolution
		HideSolutionNode = FALSE
	EndGlobalSection
	GlobalSection(ExtensibilityGlobals) = postSolution
		SolutionGuid = {41F0F15F-3608-4753-9E04-1FEF79E500FA}
	EndGlobalSection
EndGlobal
